
Microsoft Visual Studio Solution File, Format Version 12.00
# Visual Studio Version 17
VisualStudioVersion = 17.11.35327.3
MinimumVisualStudioVersion = 10.0.40219.1
Project("{FAE04EC0-301F-11D3-BF4B-00C04F79EFBC}") = "MvcBookStore", "MvcBookStore\MvcBookStore.csproj", "{F49072ED-DBD1-4FA4-8B82-E0C5E9D5400D}"
EndProject
Global
	GlobalSection(SolutionConfigurationPlatforms) = preSolution
		Debug|Any CPU = Debug|Any CPU
		Release|Any CPU = Release|Any CPU
	EndGlobalSection
	GlobalSection(ProjectConfigurationPlatforms) = postSolution
		{F49072ED-DBD1-4FA4-8B82-E0C5E9D5400D}.Debug|Any CPU.ActiveCfg = Debug|Any CPU
		{F49072ED-DBD1-4FA4-8B82-E0C5E9D5400D}.Debug|Any CPU.Build.0 = Debug|Any CPU
		{F49072ED-DBD1-4FA4-8B82-E0C5E9D5400D}.Release|Any CPU.ActiveCfg = Release|Any CPU
		{F49072ED-DBD1-4FA4-8B82-E0C5E9D5400D}.Release|Any CPU.Build.0 = Release|Any CPU
	EndGlobalSection
	GlobalSection(SolutionProperties) = preSolution
		HideSolutionNode = FALSE
	EndGlobalSection
	GlobalSection(ExtensibilityGlobals) = postSolution
		SolutionGuid = {ACFF6D4E-2FB5-4D00-9D98-A8F25EBA514F}
	EndGlobalSection
EndGlobal
